
Microsoft Visual Studio Solution File, Format Version 12.00
# Visual Studio Version 16
VisualStudioVersion = 16.0.31911.196
MinimumVisualStudioVersion = 10.0.40219.1
Project("{FAE04EC0-301F-11D3-BF4B-00C04F79EFBC}") = "intercalacionmayusmin", "intercalacionmayusmin\intercalacionmayusmin.csproj", "{3B3EC617-767F-40D1-A63B-18A97F73E5CA}"
EndProject
Global
	GlobalSection(SolutionConfigurationPlatforms) = preSolution
		Debug|Any CPU = Debug|Any CPU
		Release|Any CPU = Release|Any CPU
	EndGlobalSection
	GlobalSection(ProjectConfigurationPlatforms) = postSolution
		{3B3EC617-767F-40D1-A63B-18A97F73E5CA}.Debug|Any CPU.ActiveCfg = Debug|Any CPU
		{3B3EC617-767F-40D1-A63B-18A97F73E5CA}.Debug|Any CPU.Build.0 = Debug|Any CPU
		{3B3EC617-767F-40D1-A63B-18A97F73E5CA}.Release|Any CPU.ActiveCfg = Release|Any CPU
		{3B3EC617-767F-40D1-A63B-18A97F73E5CA}.Release|Any CPU.Build.0 = Release|Any CPU
	EndGlobalSection
	GlobalSection(SolutionProperties) = preSolution
		HideSolutionNode = FALSE
	EndGlobalSection
	GlobalSection(ExtensibilityGlobals) = postSolution
		SolutionGuid = {B20C43F8-EA4C-48BD-8DFE-DCCD3B9398A3}
	EndGlobalSection
EndGlobal
